
Microsoft Visual Studio Solution File, Format Version 12.00
# Visual Studio Version 17
VisualStudioVersion = 17.10.35027.167
MinimumVisualStudioVersion = 10.0.40219.1
Project("{2150E333-8FDC-42A3-9474-1A3956D46DE8}") = "RMQ-Round-Robin", "RMQ-Round-Robin", "{59CE6D00-A613-4748-AD40-25AF8327A780}"
EndProject
Project("{9A19103F-16F7-4668-BE54-9A1E7A4F7556}") = "Producer", "RMQ-Round-Robin\Producer\Producer.csproj", "{43F682F7-8820-4318-85CC-71B9FA9D4B61}"
EndProject
Project("{9A19103F-16F7-4668-BE54-9A1E7A4F7556}") = "Consumer", "RMQ-Round-Robin\Consumer\Consumer.csproj", "{2640D07A-49E4-46BC-8228-6938483E6F1E}"
EndProject
Project("{2150E333-8FDC-42A3-9474-1A3956D46DE8}") = "Solution Items", "Solution Items", "{B3516743-28D1-4DF3-BE91-DDA7B522A2D6}"
	ProjectSection(SolutionItems) = preProject
		.gitattributes = .gitattributes
		.gitignore = .gitignore
		README.md = README.md
	EndProjectSection
EndProject
Project("{9A19103F-16F7-4668-BE54-9A1E7A4F7556}") = "Producer", "RMQ-Fanout\Producer\Producer.csproj", "{1F62B3A9-1615-4D27-A431-F6A353BA4FD6}"
EndProject
Project("{2150E333-8FDC-42A3-9474-1A3956D46DE8}") = "RMQ-Fanout", "RMQ-Fanout", "{A5102FAF-7304-49AA-9F90-4577C9D8BB9A}"
EndProject
Project("{9A19103F-16F7-4668-BE54-9A1E7A4F7556}") = "Consumer", "RMQ-Fanout\Consumer\Consumer.csproj", "{FC59AE89-A342-4985-9583-39CAAA5B786B}"
EndProject
Project("{9A19103F-16F7-4668-BE54-9A1E7A4F7556}") = "Producer", "RMQ-Direct\Producer\Producer.csproj", "{3BE5C992-1CF6-46FC-833E-68440AA01FA1}"
EndProject
Project("{9A19103F-16F7-4668-BE54-9A1E7A4F7556}") = "Consumer", "RMQ-Direct\Consumer\Consumer.csproj", "{365B18AC-C0D7-4688-99A9-959BC7761EC1}"
EndProject
Project("{2150E333-8FDC-42A3-9474-1A3956D46DE8}") = "RMQ-Direct", "RMQ-Direct", "{9E45AD9B-B455-4171-B56D-79914A536ECC}"
EndProject
Project("{9A19103F-16F7-4668-BE54-9A1E7A4F7556}") = "Producer", "RMQ-Topic\Producer\Producer.csproj", "{05953A26-0E23-42D7-8A1E-E7098CE20593}"
EndProject
Project("{9A19103F-16F7-4668-BE54-9A1E7A4F7556}") = "Consumer", "RMQ-Topic\Consumer\Consumer.csproj", "{29A48957-48B6-4FC0-8884-D1820ED87864}"
EndProject
Project("{2150E333-8FDC-42A3-9474-1A3956D46DE8}") = "RMQ-Topic", "RMQ-Topic", "{422F296A-A134-4B28-A1F2-F3B34C675C9A}"
EndProject
Project("{FAE04EC0-301F-11D3-BF4B-00C04F79EFBC}") = "Producer", "RMQ-Request-Reply\Producer\Producer.csproj", "{3379061C-4920-4790-9D61-F787DBFBD0F8}"
EndProject
Project("{FAE04EC0-301F-11D3-BF4B-00C04F79EFBC}") = "Consumer", "RMQ-Request-Reply\Consumer\Consumer.csproj", "{5BC35F42-FC21-440C-A9F7-7DDBA2697210}"
EndProject
Project("{2150E333-8FDC-42A3-9474-1A3956D46DE8}") = "RMQ-Request-Reply", "RMQ-Request-Reply", "{449C5100-BAB8-4E78-AF7E-86304B601CA1}"
EndProject
Global
	GlobalSection(SolutionConfigurationPlatforms) = preSolution
		Debug|Any CPU = Debug|Any CPU
		Release|Any CPU = Release|Any CPU
	EndGlobalSection
	GlobalSection(ProjectConfigurationPlatforms) = postSolution
		{43F682F7-8820-4318-85CC-71B9FA9D4B61}.Debug|Any CPU.ActiveCfg = Debug|Any CPU
		{43F682F7-8820-4318-85CC-71B9FA9D4B61}.Debug|Any CPU.Build.0 = Debug|Any CPU
		{43F682F7-8820-4318-85CC-71B9FA9D4B61}.Release|Any CPU.ActiveCfg = Release|Any CPU
		{43F682F7-8820-4318-85CC-71B9FA9D4B61}.Release|Any CPU.Build.0 = Release|Any CPU
		{2640D07A-49E4-46BC-8228-6938483E6F1E}.Debug|Any CPU.ActiveCfg = Debug|Any CPU
		{2640D07A-49E4-46BC-8228-6938483E6F1E}.Debug|Any CPU.Build.0 = Debug|Any CPU
		{2640D07A-49E4-46BC-8228-6938483E6F1E}.Release|Any CPU.ActiveCfg = Release|Any CPU
		{2640D07A-49E4-46BC-8228-6938483E6F1E}.Release|Any CPU.Build.0 = Release|Any CPU
		{1F62B3A9-1615-4D27-A431-F6A353BA4FD6}.Debug|Any CPU.ActiveCfg = Debug|Any CPU
		{1F62B3A9-1615-4D27-A431-F6A353BA4FD6}.Debug|Any CPU.Build.0 = Debug|Any CPU
		{1F62B3A9-1615-4D27-A431-F6A353BA4FD6}.Release|Any CPU.ActiveCfg = Release|Any CPU
		{1F62B3A9-1615-4D27-A431-F6A353BA4FD6}.Release|Any CPU.Build.0 = Release|Any CPU
		{FC59AE89-A342-4985-9583-39CAAA5B786B}.Debug|Any CPU.ActiveCfg = Debug|Any CPU
		{FC59AE89-A342-4985-9583-39CAAA5B786B}.Debug|Any CPU.Build.0 = Debug|Any CPU
		{FC59AE89-A342-4985-9583-39CAAA5B786B}.Release|Any CPU.ActiveCfg = Release|Any CPU
		{FC59AE89-A342-4985-9583-39CAAA5B786B}.Release|Any CPU.Build.0 = Release|Any CPU
		{3BE5C992-1CF6-46FC-833E-68440AA01FA1}.Debug|Any CPU.ActiveCfg = Debug|Any CPU
		{3BE5C992-1CF6-46FC-833E-68440AA01FA1}.Debug|Any CPU.Build.0 = Debug|Any CPU
		{3BE5C992-1CF6-46FC-833E-68440AA01FA1}.Release|Any CPU.ActiveCfg = Release|Any CPU
		{3BE5C992-1CF6-46FC-833E-68440AA01FA1}.Release|Any CPU.Build.0 = Release|Any CPU
		{365B18AC-C0D7-4688-99A9-959BC7761EC1}.Debug|Any CPU.ActiveCfg = Debug|Any CPU
		{365B18AC-C0D7-4688-99A9-959BC7761EC1}.Debug|Any CPU.Build.0 = Debug|Any CPU
		{365B18AC-C0D7-4688-99A9-959BC7761EC1}.Release|Any CPU.ActiveCfg = Release|Any CPU
		{365B18AC-C0D7-4688-99A9-959BC7761EC1}.Release|Any CPU.Build.0 = Release|Any CPU
		{05953A26-0E23-42D7-8A1E-E7098CE20593}.Debug|Any CPU.ActiveCfg = Debug|Any CPU
		{05953A26-0E23-42D7-8A1E-E7098CE20593}.Debug|Any CPU.Build.0 = Debug|Any CPU
		{05953A26-0E23-42D7-8A1E-E7098CE20593}.Release|Any CPU.ActiveCfg = Release|Any CPU
		{05953A26-0E23-42D7-8A1E-E7098CE20593}.Release|Any CPU.Build.0 = Release|Any CPU
		{29A48957-48B6-4FC0-8884-D1820ED87864}.Debug|Any CPU.ActiveCfg = Debug|Any CPU
		{29A48957-48B6-4FC0-8884-D1820ED87864}.Debug|Any CPU.Build.0 = Debug|Any CPU
		{29A48957-48B6-4FC0-8884-D1820ED87864}.Release|Any CPU.ActiveCfg = Release|Any CPU
		{29A48957-48B6-4FC0-8884-D1820ED87864}.Release|Any CPU.Build.0 = Release|Any CPU
		{3379061C-4920-4790-9D61-F787DBFBD0F8}.Debug|Any CPU.ActiveCfg = Debug|Any CPU
		{3379061C-4920-4790-9D61-F787DBFBD0F8}.Debug|Any CPU.Build.0 = Debug|Any CPU
		{3379061C-4920-4790-9D61-F787DBFBD0F8}.Release|Any CPU.ActiveCfg = Release|Any CPU
		{3379061C-4920-4790-9D61-F787DBFBD0F8}.Release|Any CPU.Build.0 = Release|Any CPU
		{5BC35F42-FC21-440C-A9F7-7DDBA2697210}.Debug|Any CPU.ActiveCfg = Debug|Any CPU
		{5BC35F42-FC21-440C-A9F7-7DDBA2697210}.Debug|Any CPU.Build.0 = Debug|Any CPU
		{5BC35F42-FC21-440C-A9F7-7DDBA2697210}.Release|Any CPU.ActiveCfg = Release|Any CPU
		{5BC35F42-FC21-440C-A9F7-7DDBA2697210}.Release|Any CPU.Build.0 = Release|Any CPU
	EndGlobalSection
	GlobalSection(SolutionProperties) = preSolution
		HideSolutionNode = FALSE
	EndGlobalSection
	GlobalSection(NestedProjects) = preSolution
		{43F682F7-8820-4318-85CC-71B9FA9D4B61} = {59CE6D00-A613-4748-AD40-25AF8327A780}
		{2640D07A-49E4-46BC-8228-6938483E6F1E} = {59CE6D00-A613-4748-AD40-25AF8327A780}
		{1F62B3A9-1615-4D27-A431-F6A353BA4FD6} = {A5102FAF-7304-49AA-9F90-4577C9D8BB9A}
		{FC59AE89-A342-4985-9583-39CAAA5B786B} = {A5102FAF-7304-49AA-9F90-4577C9D8BB9A}
		{3BE5C992-1CF6-46FC-833E-68440AA01FA1} = {9E45AD9B-B455-4171-B56D-79914A536ECC}
		{365B18AC-C0D7-4688-99A9-959BC7761EC1} = {9E45AD9B-B455-4171-B56D-79914A536ECC}
		{05953A26-0E23-42D7-8A1E-E7098CE20593} = {422F296A-A134-4B28-A1F2-F3B34C675C9A}
		{29A48957-48B6-4FC0-8884-D1820ED87864} = {422F296A-A134-4B28-A1F2-F3B34C675C9A}
		{3379061C-4920-4790-9D61-F787DBFBD0F8} = {449C5100-BAB8-4E78-AF7E-86304B601CA1}
		{5BC35F42-FC21-440C-A9F7-7DDBA2697210} = {449C5100-BAB8-4E78-AF7E-86304B601CA1}
	EndGlobalSection
	GlobalSection(ExtensibilityGlobals) = postSolution
		SolutionGuid = {F46FFE88-945A-4536-95E5-6AAEAB1A6C56}
	EndGlobalSection
EndGlobal
